
Microsoft Visual Studio Solution File, Format Version 12.00
# Visual Studio Version 16
VisualStudioVersion = 16.0.29806.167
MinimumVisualStudioVersion = 10.0.40219.1
Project("{8BC9CEB8-8B4A-11D0-8D11-00A0C91BC942}") = "compress", "compress\compress.vcxproj", "{036A72AA-2B4D-4932-9DA2-57C7F62A9816}"
	ProjectSection(ProjectDependencies) = postProject
		{26482FB9-45CC-4188-8CA1-B86456967F47} = {26482FB9-45CC-4188-8CA1-B86456967F47}
		{0E4646C8-CD38-4DD7-AE6C-BDC71285B4C7} = {0E4646C8-CD38-4DD7-AE6C-BDC71285B4C7}
	EndProjectSection
EndProject
Project("{2150E333-8FDC-42A3-9474-1A3956D46DE8}") = "Solution Items", "Solution Items", "{B00EA5FC-1CA8-4465-ADD0-421E42943294}"
	ProjectSection(SolutionItems) = preProject
		.gitignore = .gitignore
	EndProjectSection
EndProject
Project("{8BC9CEB8-8B4A-11D0-8D11-00A0C91BC942}") = "libstudxml", "libstudxml\libstudxml.vcxproj", "{26482FB9-45CC-4188-8CA1-B86456967F47}"
EndProject
Project("{13B669BE-BB05-4DDF-9536-439F39A36129}") = "dataset", "dataset\dataset.msbuildproj", "{0E4646C8-CD38-4DD7-AE6C-BDC71285B4C7}"
EndProject
Project("{888888A0-9F3D-457C-B088-3A5042F75D52}") = "notebooks", "notebooks\notebooks.pyproj", "{11CADBF9-E526-48F9-AD0C-97458735AC26}"
EndProject
Project("{8BC9CEB8-8B4A-11D0-8D11-00A0C91BC942}") = "entropy-coding-huffman-heap", "entropy-coding-huffman-heap\entropy-coding-huffman-heap.vcxproj", "{3B8C3C58-0599-4601-8E81-988C3C6C2F2C}"
EndProject
Project("{8BC9CEB8-8B4A-11D0-8D11-00A0C91BC942}") = "entropy-coding-huffman-lazy", "entropy-coding-huffman-heap-lazy\entropy-coding-huffman-heap-lazy.vcxproj", "{E9061B10-C7B1-4F04-B62E-AE9B33891A85}"
EndProject
Project("{8BC9CEB8-8B4A-11D0-8D11-00A0C91BC942}") = "entropy-coding-huffman-two-queues", "entropy-coding-huffman-two-queues\entropy-coding-huffman-two-queues.vcxproj", "{1C3F0D18-5B3A-41B0-8CD2-95ED0F9127D9}"
EndProject
Project("{8BC9CEB8-8B4A-11D0-8D11-00A0C91BC942}") = "entropy-coding-huffman-two-queues-lazy", "entropy-coding-huffman-two-queues-lazy\entropy-coding-huffman-two-queues-lazy.vcxproj", "{649EDA60-E8D7-4D31-8874-84F870C1D7FD}"
EndProject
Global
	GlobalSection(SolutionConfigurationPlatforms) = preSolution
		Debug|Any CPU = Debug|Any CPU
		Debug|x64 = Debug|x64
		Debug|x86 = Debug|x86
		Release|Any CPU = Release|Any CPU
		Release|x64 = Release|x64
		Release|x86 = Release|x86
	EndGlobalSection
	GlobalSection(ProjectConfigurationPlatforms) = postSolution
		{036A72AA-2B4D-4932-9DA2-57C7F62A9816}.Debug|Any CPU.ActiveCfg = Debug|Win32
		{036A72AA-2B4D-4932-9DA2-57C7F62A9816}.Debug|x64.ActiveCfg = Debug|x64
		{036A72AA-2B4D-4932-9DA2-57C7F62A9816}.Debug|x64.Build.0 = Debug|x64
		{036A72AA-2B4D-4932-9DA2-57C7F62A9816}.Debug|x86.ActiveCfg = Debug|Win32
		{036A72AA-2B4D-4932-9DA2-57C7F62A9816}.Debug|x86.Build.0 = Debug|Win32
		{036A72AA-2B4D-4932-9DA2-57C7F62A9816}.Release|Any CPU.ActiveCfg = Release|Win32
		{036A72AA-2B4D-4932-9DA2-57C7F62A9816}.Release|x64.ActiveCfg = Release|x64
		{036A72AA-2B4D-4932-9DA2-57C7F62A9816}.Release|x64.Build.0 = Release|x64
		{036A72AA-2B4D-4932-9DA2-57C7F62A9816}.Release|x86.ActiveCfg = Release|Win32
		{036A72AA-2B4D-4932-9DA2-57C7F62A9816}.Release|x86.Build.0 = Release|Win32
		{26482FB9-45CC-4188-8CA1-B86456967F47}.Debug|Any CPU.ActiveCfg = Debug|Win32
		{26482FB9-45CC-4188-8CA1-B86456967F47}.Debug|x64.ActiveCfg = Debug|x64
		{26482FB9-45CC-4188-8CA1-B86456967F47}.Debug|x64.Build.0 = Debug|x64
		{26482FB9-45CC-4188-8CA1-B86456967F47}.Debug|x86.ActiveCfg = Debug|Win32
		{26482FB9-45CC-4188-8CA1-B86456967F47}.Debug|x86.Build.0 = Debug|Win32
		{26482FB9-45CC-4188-8CA1-B86456967F47}.Release|Any CPU.ActiveCfg = Release|Win32
		{26482FB9-45CC-4188-8CA1-B86456967F47}.Release|x64.ActiveCfg = Release|x64
		{26482FB9-45CC-4188-8CA1-B86456967F47}.Release|x64.Build.0 = Release|x64
		{26482FB9-45CC-4188-8CA1-B86456967F47}.Release|x86.ActiveCfg = Release|Win32
		{26482FB9-45CC-4188-8CA1-B86456967F47}.Release|x86.Build.0 = Release|Win32
		{0E4646C8-CD38-4DD7-AE6C-BDC71285B4C7}.Debug|Any CPU.ActiveCfg = Debug|Win32
		{0E4646C8-CD38-4DD7-AE6C-BDC71285B4C7}.Debug|x64.ActiveCfg = Debug|x64
		{0E4646C8-CD38-4DD7-AE6C-BDC71285B4C7}.Debug|x64.Build.0 = Debug|x64
		{0E4646C8-CD38-4DD7-AE6C-BDC71285B4C7}.Debug|x86.ActiveCfg = Debug|Win32
		{0E4646C8-CD38-4DD7-AE6C-BDC71285B4C7}.Debug|x86.Build.0 = Debug|Win32
		{0E4646C8-CD38-4DD7-AE6C-BDC71285B4C7}.Release|Any CPU.ActiveCfg = Release|Win32
		{0E4646C8-CD38-4DD7-AE6C-BDC71285B4C7}.Release|x64.ActiveCfg = Release|x64
		{0E4646C8-CD38-4DD7-AE6C-BDC71285B4C7}.Release|x64.Build.0 = Release|x64
		{0E4646C8-CD38-4DD7-AE6C-BDC71285B4C7}.Release|x86.ActiveCfg = Release|Win32
		{0E4646C8-CD38-4DD7-AE6C-BDC71285B4C7}.Release|x86.Build.0 = Release|Win32
		{11CADBF9-E526-48F9-AD0C-97458735AC26}.Debug|Any CPU.ActiveCfg = Debug|Any CPU
		{11CADBF9-E526-48F9-AD0C-97458735AC26}.Debug|x64.ActiveCfg = Debug|Any CPU
		{11CADBF9-E526-48F9-AD0C-97458735AC26}.Debug|x86.ActiveCfg = Debug|Any CPU
		{11CADBF9-E526-48F9-AD0C-97458735AC26}.Release|Any CPU.ActiveCfg = Release|Any CPU
		{11CADBF9-E526-48F9-AD0C-97458735AC26}.Release|x64.ActiveCfg = Release|Any CPU
		{11CADBF9-E526-48F9-AD0C-97458735AC26}.Release|x86.ActiveCfg = Release|Any CPU
		{3B8C3C58-0599-4601-8E81-988C3C6C2F2C}.Debug|Any CPU.ActiveCfg = Debug|Win32
		{3B8C3C58-0599-4601-8E81-988C3C6C2F2C}.Debug|x64.ActiveCfg = Debug|x64
		{3B8C3C58-0599-4601-8E81-988C3C6C2F2C}.Debug|x64.Build.0 = Debug|x64
		{3B8C3C58-0599-4601-8E81-988C3C6C2F2C}.Debug|x86.ActiveCfg = Debug|Win32
		{3B8C3C58-0599-4601-8E81-988C3C6C2F2C}.Debug|x86.Build.0 = Debug|Win32
		{3B8C3C58-0599-4601-8E81-988C3C6C2F2C}.Release|Any CPU.ActiveCfg = Release|Win32
		{3B8C3C58-0599-4601-8E81-988C3C6C2F2C}.Release|x64.ActiveCfg = Release|x64
		{3B8C3C58-0599-4601-8E81-988C3C6C2F2C}.Release|x64.Build.0 = Release|x64
		{3B8C3C58-0599-4601-8E81-988C3C6C2F2C}.Release|x86.ActiveCfg = Release|Win32
		{3B8C3C58-0599-4601-8E81-988C3C6C2F2C}.Release|x86.Build.0 = Release|Win32
		{E9061B10-C7B1-4F04-B62E-AE9B33891A85}.Debug|Any CPU.ActiveCfg = Debug|Win32
		{E9061B10-C7B1-4F04-B62E-AE9B33891A85}.Debug|x64.ActiveCfg = Debug|x64
		{E9061B10-C7B1-4F04-B62E-AE9B33891A85}.Debug|x64.Build.0 = Debug|x64
		{E9061B10-C7B1-4F04-B62E-AE9B33891A85}.Debug|x86.ActiveCfg = Debug|Win32
		{E9061B10-C7B1-4F04-B62E-AE9B33891A85}.Debug|x86.Build.0 = Debug|Win32
		{E9061B10-C7B1-4F04-B62E-AE9B33891A85}.Release|Any CPU.ActiveCfg = Release|Win32
		{E9061B10-C7B1-4F04-B62E-AE9B33891A85}.Release|x64.ActiveCfg = Release|x64
		{E9061B10-C7B1-4F04-B62E-AE9B33891A85}.Release|x64.Build.0 = Release|x64
		{E9061B10-C7B1-4F04-B62E-AE9B33891A85}.Release|x86.ActiveCfg = Release|Win32
		{E9061B10-C7B1-4F04-B62E-AE9B33891A85}.Release|x86.Build.0 = Release|Win32
		{1C3F0D18-5B3A-41B0-8CD2-95ED0F9127D9}.Debug|Any CPU.ActiveCfg = Debug|Win32
		{1C3F0D18-5B3A-41B0-8CD2-95ED0F9127D9}.Debug|x64.ActiveCfg = Debug|x64
		{1C3F0D18-5B3A-41B0-8CD2-95ED0F9127D9}.Debug|x64.Build.0 = Debug|x64
		{1C3F0D18-5B3A-41B0-8CD2-95ED0F9127D9}.Debug|x86.ActiveCfg = Debug|Win32
		{1C3F0D18-5B3A-41B0-8CD2-95ED0F9127D9}.Debug|x86.Build.0 = Debug|Win32
		{1C3F0D18-5B3A-41B0-8CD2-95ED0F9127D9}.Release|Any CPU.ActiveCfg = Release|Win32
		{1C3F0D18-5B3A-41B0-8CD2-95ED0F9127D9}.Release|x64.ActiveCfg = Release|x64
		{1C3F0D18-5B3A-41B0-8CD2-95ED0F9127D9}.Release|x64.Build.0 = Release|x64
		{1C3F0D18-5B3A-41B0-8CD2-95ED0F9127D9}.Release|x86.ActiveCfg = Release|Win32
		{1C3F0D18-5B3A-41B0-8CD2-95ED0F9127D9}.Release|x86.Build.0 = Release|Win32
		{649EDA60-E8D7-4D31-8874-84F870C1D7FD}.Debug|Any CPU.ActiveCfg = Debug|Win32
		{649EDA60-E8D7-4D31-8874-84F870C1D7FD}.Debug|x64.ActiveCfg = Debug|x64
		{649EDA60-E8D7-4D31-8874-84F870C1D7FD}.Debug|x64.Build.0 = Debug|x64
		{649EDA60-E8D7-4D31-8874-84F870C1D7FD}.Debug|x86.ActiveCfg = Debug|Win32
		{649EDA60-E8D7-4D31-8874-84F870C1D7FD}.Debug|x86.Build.0 = Debug|Win32
		{649EDA60-E8D7-4D31-8874-84F870C1D7FD}.Release|Any CPU.ActiveCfg = Release|Win32
		{649EDA60-E8D7-4D31-8874-84F870C1D7FD}.Release|x64.ActiveCfg = Release|x64
		{649EDA60-E8D7-4D31-8874-84F870C1D7FD}.Release|x64.Build.0 = Release|x64
		{649EDA60-E8D7-4D31-8874-84F870C1D7FD}.Release|x86.ActiveCfg = Release|Win32
		{649EDA60-E8D7-4D31-8874-84F870C1D7FD}.Release|x86.Build.0 = Release|Win32
	EndGlobalSection
	GlobalSection(SolutionProperties) = preSolution
		HideSolutionNode = FALSE
	EndGlobalSection
	GlobalSection(ExtensibilityGlobals) = postSolution
		SolutionGuid = {067FC758-64BD-490C-990F-629D4C0B2FBF}
	EndGlobalSection
EndGlobal
