
Microsoft Visual Studio Solution File, Format Version 12.00
# Visual Studio Version 16
VisualStudioVersion = 16.0.29806.167
MinimumVisualStudioVersion = 10.0.40219.1
Project("{8BC9CEB8-8B4A-11D0-8D11-00A0C91BC942}") = "compress", "compress\compress.vcxproj", "{036A72AA-2B4D-4932-9DA2-57C7F62A9816}"
	ProjectSection(ProjectDependencies) = postProject
		{26482FB9-45CC-4188-8CA1-B86456967F47} = {26482FB9-45CC-4188-8CA1-B86456967F47}
		{0E4646C8-CD38-4DD7-AE6C-BDC71285B4C7} = {0E4646C8-CD38-4DD7-AE6C-BDC71285B4C7}
	EndProjectSection
EndProject
Project("{2150E333-8FDC-42A3-9474-1A3956D46DE8}") = "Solution Items", "Solution Items", "{B00EA5FC-1CA8-4465-ADD0-421E42943294}"
	ProjectSection(SolutionItems) = preProject
		.gitignore = .gitignore
	EndProjectSection
EndProject
Project("{8BC9CEB8-8B4A-11D0-8D11-00A0C91BC942}") = "libstudxml", "libstudxml\libstudxml.vcxproj", "{26482FB9-45CC-4188-8CA1-B86456967F47}"
EndProject
Project("{13B669BE-BB05-4DDF-9536-439F39A36129}") = "dataset", "dataset\dataset.msbuildproj", "{0E4646C8-CD38-4DD7-AE6C-BDC71285B4C7}"
EndProject
Global
	GlobalSection(SolutionConfigurationPlatforms) = preSolution
		Debug|x64 = Debug|x64
		Debug|x86 = Debug|x86
		Release|x64 = Release|x64
		Release|x86 = Release|x86
	EndGlobalSection
	GlobalSection(ProjectConfigurationPlatforms) = postSolution
		{036A72AA-2B4D-4932-9DA2-57C7F62A9816}.Debug|x64.ActiveCfg = Debug|x64
		{036A72AA-2B4D-4932-9DA2-57C7F62A9816}.Debug|x64.Build.0 = Debug|x64
		{036A72AA-2B4D-4932-9DA2-57C7F62A9816}.Debug|x86.ActiveCfg = Debug|Win32
		{036A72AA-2B4D-4932-9DA2-57C7F62A9816}.Debug|x86.Build.0 = Debug|Win32
		{036A72AA-2B4D-4932-9DA2-57C7F62A9816}.Release|x64.ActiveCfg = Release|x64
		{036A72AA-2B4D-4932-9DA2-57C7F62A9816}.Release|x64.Build.0 = Release|x64
		{036A72AA-2B4D-4932-9DA2-57C7F62A9816}.Release|x86.ActiveCfg = Release|Win32
		{036A72AA-2B4D-4932-9DA2-57C7F62A9816}.Release|x86.Build.0 = Release|Win32
		{26482FB9-45CC-4188-8CA1-B86456967F47}.Debug|x64.ActiveCfg = Debug|x64
		{26482FB9-45CC-4188-8CA1-B86456967F47}.Debug|x64.Build.0 = Debug|x64
		{26482FB9-45CC-4188-8CA1-B86456967F47}.Debug|x86.ActiveCfg = Debug|Win32
		{26482FB9-45CC-4188-8CA1-B86456967F47}.Debug|x86.Build.0 = Debug|Win32
		{26482FB9-45CC-4188-8CA1-B86456967F47}.Release|x64.ActiveCfg = Release|x64
		{26482FB9-45CC-4188-8CA1-B86456967F47}.Release|x64.Build.0 = Release|x64
		{26482FB9-45CC-4188-8CA1-B86456967F47}.Release|x86.ActiveCfg = Release|Win32
		{26482FB9-45CC-4188-8CA1-B86456967F47}.Release|x86.Build.0 = Release|Win32
		{0E4646C8-CD38-4DD7-AE6C-BDC71285B4C7}.Debug|x64.ActiveCfg = Debug|x64
		{0E4646C8-CD38-4DD7-AE6C-BDC71285B4C7}.Debug|x64.Build.0 = Debug|x64
		{0E4646C8-CD38-4DD7-AE6C-BDC71285B4C7}.Debug|x86.ActiveCfg = Debug|Win32
		{0E4646C8-CD38-4DD7-AE6C-BDC71285B4C7}.Debug|x86.Build.0 = Debug|Win32
		{0E4646C8-CD38-4DD7-AE6C-BDC71285B4C7}.Release|x64.ActiveCfg = Release|x64
		{0E4646C8-CD38-4DD7-AE6C-BDC71285B4C7}.Release|x64.Build.0 = Release|x64
		{0E4646C8-CD38-4DD7-AE6C-BDC71285B4C7}.Release|x86.ActiveCfg = Release|Win32
		{0E4646C8-CD38-4DD7-AE6C-BDC71285B4C7}.Release|x86.Build.0 = Release|Win32
	EndGlobalSection
	GlobalSection(SolutionProperties) = preSolution
		HideSolutionNode = FALSE
	EndGlobalSection
	GlobalSection(ExtensibilityGlobals) = postSolution
		SolutionGuid = {067FC758-64BD-490C-990F-629D4C0B2FBF}
	EndGlobalSection
EndGlobal
